// !$*UTF8*$!
{
	archiveVersion = 1;
	classes = {
	};
	objectVersion = 46;
	objects = {

/* Begin PBXBuildFile section */
		8BF9BD191CEDC90F00701137 /* main.m in Sources */ = {isa = PBXBuildFile; fileRef = 8BF9BD181CEDC90F00701137 /* main.m */; };
		8BF9BD1C1CEDC90F00701137 /* AppDelegate.m in Sources */ = {isa = PBXBuildFile; fileRef = 8BF9BD1B1CEDC90F00701137 /* AppDelegate.m */; };
		8BF9BD1F1CEDC90F00701137 /* ViewController.m in Sources */ = {isa = PBXBuildFile; fileRef = 8BF9BD1E1CEDC90F00701137 /* ViewController.m */; };
		8BF9BD221CEDC90F00701137 /* Main.storyboard in Resources */ = {isa = PBXBuildFile; fileRef = 8BF9BD201CEDC90F00701137 /* Main.storyboard */; };
		8BF9BD251CEDC90F00701137 /* RistoranteBio.xcdatamodeld in Sources */ = {isa = PBXBuildFile; fileRef = 8BF9BD231CEDC90F00701137 /* RistoranteBio.xcdatamodeld */; };
		8BF9BD271CEDC90F00701137 /* Assets.xcassets in Resources */ = {isa = PBXBuildFile; fileRef = 8BF9BD261CEDC90F00701137 /* Assets.xcassets */; };
		8BF9BD2A1CEDC90F00701137 /* LaunchScreen.storyboard in Resources */ = {isa = PBXBuildFile; fileRef = 8BF9BD281CEDC90F00701137 /* LaunchScreen.storyboard */; };
		8BF9BD351CEDC90F00701137 /* RistoranteBioTests.m in Sources */ = {isa = PBXBuildFile; fileRef = 8BF9BD341CEDC90F00701137 /* RistoranteBioTests.m */; };
		8BF9BD401CEDC90F00701137 /* RistoranteBioUITests.m in Sources */ = {isa = PBXBuildFile; fileRef = 8BF9BD3F1CEDC90F00701137 /* RistoranteBioUITests.m */; };
		8BF9BD511CEDC97600701137 /* fattura2cacio.jpg in Resources */ = {isa = PBXBuildFile; fileRef = 8BF9BD4D1CEDC97600701137 /* fattura2cacio.jpg */; };
		8BF9BD521CEDC97600701137 /* home.jpg in Resources */ = {isa = PBXBuildFile; fileRef = 8BF9BD4E1CEDC97600701137 /* home.jpg */; };
		8BF9BD531CEDC97600701137 /* lingua.jpg in Resources */ = {isa = PBXBuildFile; fileRef = 8BF9BD4F1CEDC97600701137 /* lingua.jpg */; };
		8BF9BD541CEDC97600701137 /* menu.jpg in Resources */ = {isa = PBXBuildFile; fileRef = 8BF9BD501CEDC97600701137 /* menu.jpg */; };
		8BF9BD561CEDD4DD00701137 /* antipasti.jpg in Resources */ = {isa = PBXBuildFile; fileRef = 8BF9BD551CEDD4DD00701137 /* antipasti.jpg */; };
/* End PBXBuildFile section */

/* Begin PBXContainerItemProxy section */
		8BF9BD311CEDC90F00701137 /* PBXContainerItemProxy */ = {
			isa = PBXContainerItemProxy;
			containerPortal = 8BF9BD0C1CEDC90E00701137 /* Project object */;
			proxyType = 1;
			remoteGlobalIDString = 8BF9BD131CEDC90E00701137;
			remoteInfo = RistoranteBio;
		};
		8BF9BD3C1CEDC90F00701137 /* PBXContainerItemProxy */ = {
			isa = PBXContainerItemProxy;
			containerPortal = 8BF9BD0C1CEDC90E00701137 /* Project object */;
			proxyType = 1;
			remoteGlobalIDString = 8BF9BD131CEDC90E00701137;
			remoteInfo = RistoranteBio;
		};
/* End PBXContainerItemProxy section */

/* Begin PBXFileReference section */
		8BF9BD141CEDC90F00701137 /* RistoranteBio.app */ = {isa = PBXFileReference; explicitFileType = wrapper.application; includeInIndex = 0; path = RistoranteBio.app; sourceTree = BUILT_PRODUCTS_DIR; };
		8BF9BD181CEDC90F00701137 /* main.m */ = {isa = PBXFileReference; lastKnownFileType = sourcecode.c.objc; path = main.m; sourceTree = "<group>"; };
		8BF9BD1A1CEDC90F00701137 /* AppDelegate.h */ = {isa = PBXFileReference; lastKnownFileType = sourcecode.c.h; path = AppDelegate.h; sourceTree = "<group>"; };
		8BF9BD1B1CEDC90F00701137 /* AppDelegate.m */ = {isa = PBXFileReference; lastKnownFileType = sourcecode.c.objc; path = AppDelegate.m; sourceTree = "<group>"; };
		8BF9BD1D1CEDC90F00701137 /* ViewController.h */ = {isa = PBXFileReference; lastKnownFileType = sourcecode.c.h; path = ViewController.h; sourceTree = "<group>"; };
		8BF9BD1E1CEDC90F00701137 /* ViewController.m */ = {isa = PBXFileReference; lastKnownFileType = sourcecode.c.objc; path = ViewController.m; sourceTree = "<group>"; };
		8BF9BD211CEDC90F00701137 /* Base */ = {isa = PBXFileReference; lastKnownFileType = file.storyboard; name = Base; path = Base.lproj/Main.storyboard; sourceTree = "<group>"; };
		8BF9BD241CEDC90F00701137 /* RistoranteBio.xcdatamodel */ = {isa = PBXFileReference; lastKnownFileType = wrapper.xcdatamodel; path = RistoranteBio.xcdatamodel; sourceTree = "<group>"; };
		8BF9BD261CEDC90F00701137 /* Assets.xcassets */ = {isa = PBXFileReference; lastKnownFileType = folder.assetcatalog; path = Assets.xcassets; sourceTree = "<group>"; };
		8BF9BD291CEDC90F00701137 /* Base */ = {isa = PBXFileReference; lastKnownFileType = file.storyboard; name = Base; path = Base.lproj/LaunchScreen.storyboard; sourceTree = "<group>"; };
		8BF9BD2B1CEDC90F00701137 /* Info.plist */ = {isa = PBXFileReference; lastKnownFileType = text.plist.xml; path = Info.plist; sourceTree = "<group>"; };
		8BF9BD301CEDC90F00701137 /* RistoranteBioTests.xctest */ = {isa = PBXFileReference; explicitFileType = wrapper.cfbundle; includeInIndex = 0; path = RistoranteBioTests.xctest; sourceTree = BUILT_PRODUCTS_DIR; };
		8BF9BD341CEDC90F00701137 /* RistoranteBioTests.m */ = {isa = PBXFileReference; lastKnownFileType = sourcecode.c.objc; path = RistoranteBioTests.m; sourceTree = "<group>"; };
		8BF9BD361CEDC90F00701137 /* Info.plist */ = {isa = PBXFileReference; lastKnownFileType = text.plist.xml; path = Info.plist; sourceTree = "<group>"; };
		8BF9BD3B1CEDC90F00701137 /* RistoranteBioUITests.xctest */ = {isa = PBXFileReference; explicitFileType = wrapper.cfbundle; includeInIndex = 0; path = RistoranteBioUITests.xctest; sourceTree = BUILT_PRODUCTS_DIR; };
		8BF9BD3F1CEDC90F00701137 /* RistoranteBioUITests.m */ = {isa = PBXFileReference; lastKnownFileType = sourcecode.c.objc; path = RistoranteBioUITests.m; sourceTree = "<group>"; };
		8BF9BD411CEDC90F00701137 /* Info.plist */ = {isa = PBXFileReference; lastKnownFileType = text.plist.xml; path = Info.plist; sourceTree = "<group>"; };
		8BF9BD4D1CEDC97600701137 /* fattura2cacio.jpg */ = {isa = PBXFileReference; lastKnownFileType = image.jpeg; path = fattura2cacio.jpg; sourceTree = "<group>"; };
		8BF9BD4E1CEDC97600701137 /* home.jpg */ = {isa = PBXFileReference; lastKnownFileType = image.jpeg; path = home.jpg; sourceTree = "<group>"; };
		8BF9BD4F1CEDC97600701137 /* lingua.jpg */ = {isa = PBXFileReference; lastKnownFileType = image.jpeg; path = lingua.jpg; sourceTree = "<group>"; };
		8BF9BD501CEDC97600701137 /* menu.jpg */ = {isa = PBXFileReference; lastKnownFileType = image.jpeg; path = menu.jpg; sourceTree = "<group>"; };
		8BF9BD551CEDD4DD00701137 /* antipasti.jpg */ = {isa = PBXFileReference; lastKnownFileType = image.jpeg; path = antipasti.jpg; sourceTree = "<group>"; };
/* End PBXFileReference section */

/* Begin PBXFrameworksBuildPhase section */
		8BF9BD111CEDC90E00701137 /* Frameworks */ = {
			isa = PBXFrameworksBuildPhase;
			buildActionMask = 2147483647;
			files = (
			);
			runOnlyForDeploymentPostprocessing = 0;
		};
		8BF9BD2D1CEDC90F00701137 /* Frameworks */ = {
			isa = PBXFrameworksBuildPhase;
			buildActionMask = 2147483647;
			files = (
			);
			runOnlyForDeploymentPostprocessing = 0;
		};
		8BF9BD381CEDC90F00701137 /* Frameworks */ = {
			isa = PBXFrameworksBuildPhase;
			buildActionMask = 2147483647;
			files = (
			);
			runOnlyForDeploymentPostprocessing = 0;
		};
/* End PBXFrameworksBuildPhase section */

/* Begin PBXGroup section */
		8BF9BD0B1CEDC90E00701137 = {
			isa = PBXGroup;
			children = (
				8BF9BD161CEDC90F00701137 /* RistoranteBio */,
				8BF9BD331CEDC90F00701137 /* RistoranteBioTests */,
				8BF9BD3E1CEDC90F00701137 /* RistoranteBioUITests */,
				8BF9BD151CEDC90F00701137 /* Products */,
			);
			sourceTree = "<group>";
		};
		8BF9BD151CEDC90F00701137 /* Products */ = {
			isa = PBXGroup;
			children = (
				8BF9BD141CEDC90F00701137 /* RistoranteBio.app */,
				8BF9BD301CEDC90F00701137 /* RistoranteBioTests.xctest */,
				8BF9BD3B1CEDC90F00701137 /* RistoranteBioUITests.xctest */,
			);
			name = Products;
			sourceTree = "<group>";
		};
		8BF9BD161CEDC90F00701137 /* RistoranteBio */ = {
			isa = PBXGroup;
			children = (
				8BF9BD1A1CEDC90F00701137 /* AppDelegate.h */,
				8BF9BD1B1CEDC90F00701137 /* AppDelegate.m */,
				8BF9BD4D1CEDC97600701137 /* fattura2cacio.jpg */,
				8BF9BD551CEDD4DD00701137 /* antipasti.jpg */,
				8BF9BD4E1CEDC97600701137 /* home.jpg */,
				8BF9BD4F1CEDC97600701137 /* lingua.jpg */,
				8BF9BD501CEDC97600701137 /* menu.jpg */,
				8BF9BD1D1CEDC90F00701137 /* ViewController.h */,
				8BF9BD1E1CEDC90F00701137 /* ViewController.m */,
				8BF9BD201CEDC90F00701137 /* Main.storyboard */,
				8BF9BD261CEDC90F00701137 /* Assets.xcassets */,
				8BF9BD281CEDC90F00701137 /* LaunchScreen.storyboard */,
				8BF9BD2B1CEDC90F00701137 /* Info.plist */,
				8BF9BD231CEDC90F00701137 /* RistoranteBio.xcdatamodeld */,
				8BF9BD171CEDC90F00701137 /* Supporting Files */,
			);
			path = RistoranteBio;
			sourceTree = "<group>";
		};
		8BF9BD171CEDC90F00701137 /* Supporting Files */ = {
			isa = PBXGroup;
			children = (
				8BF9BD181CEDC90F00701137 /* main.m */,
			);
			name = "Supporting Files";
			sourceTree = "<group>";
		};
		8BF9BD331CEDC90F00701137 /* RistoranteBioTests */ = {
			isa = PBXGroup;
			children = (
				8BF9BD341CEDC90F00701137 /* RistoranteBioTests.m */,
				8BF9BD361CEDC90F00701137 /* Info.plist */,
			);
			path = RistoranteBioTests;
			sourceTree = "<group>";
		};
		8BF9BD3E1CEDC90F00701137 /* RistoranteBioUITests */ = {
			isa = PBXGroup;
			children = (
				8BF9BD3F1CEDC90F00701137 /* RistoranteBioUITests.m */,
				8BF9BD411CEDC90F00701137 /* Info.plist */,
			);
			path = RistoranteBioUITests;
			sourceTree = "<group>";
		};
/* End PBXGroup section */

/* Begin PBXNativeTarget section */
		8BF9BD131CEDC90E00701137 /* RistoranteBio */ = {
			isa = PBXNativeTarget;
			buildConfigurationList = 8BF9BD441CEDC90F00701137 /* Build configuration list for PBXNativeTarget "RistoranteBio" */;
			buildPhases = (
				8BF9BD101CEDC90E00701137 /* Sources */,
				8BF9BD111CEDC90E00701137 /* Frameworks */,
				8BF9BD121CEDC90E00701137 /* Resources */,
			);
			buildRules = (
			);
			dependencies = (
			);
			name = RistoranteBio;
			productName = RistoranteBio;
			productReference = 8BF9BD141CEDC90F00701137 /* RistoranteBio.app */;
			productType = "com.apple.product-type.application";
		};
		8BF9BD2F1CEDC90F00701137 /* RistoranteBioTests */ = {
			isa = PBXNativeTarget;
			buildConfigurationList = 8BF9BD471CEDC90F00701137 /* Build configuration list for PBXNativeTarget "RistoranteBioTests" */;
			buildPhases = (
				8BF9BD2C1CEDC90F00701137 /* Sources */,
				8BF9BD2D1CEDC90F00701137 /* Frameworks */,
				8BF9BD2E1CEDC90F00701137 /* Resources */,
			);
			buildRules = (
			);
			dependencies = (
				8BF9BD321CEDC90F00701137 /* PBXTargetDependency */,
			);
			name = RistoranteBioTests;
			productName = RistoranteBioTests;
			productReference = 8BF9BD301CEDC90F00701137 /* RistoranteBioTests.xctest */;
			productType = "com.apple.product-type.bundle.unit-test";
		};
		8BF9BD3A1CEDC90F00701137 /* RistoranteBioUITests */ = {
			isa = PBXNativeTarget;
			buildConfigurationList = 8BF9BD4A1CEDC90F00701137 /* Build configuration list for PBXNativeTarget "RistoranteBioUITests" */;
			buildPhases = (
				8BF9BD371CEDC90F00701137 /* Sources */,
				8BF9BD381CEDC90F00701137 /* Frameworks */,
				8BF9BD391CEDC90F00701137 /* Resources */,
			);
			buildRules = (
			);
			dependencies = (
				8BF9BD3D1CEDC90F00701137 /* PBXTargetDependency */,
			);
			name = RistoranteBioUITests;
			productName = RistoranteBioUITests;
			productReference = 8BF9BD3B1CEDC90F00701137 /* RistoranteBioUITests.xctest */;
			productType = "com.apple.product-type.bundle.ui-testing";
		};
/* End PBXNativeTarget section */

/* Begin PBXProject section */
		8BF9BD0C1CEDC90E00701137 /* Project object */ = {
			isa = PBXProject;
			attributes = {
				LastUpgradeCheck = 0720;
				ORGANIZATIONNAME = riccardo;
				TargetAttributes = {
					8BF9BD131CEDC90E00701137 = {
						CreatedOnToolsVersion = 7.2.1;
						DevelopmentTeam = 8689L98KU7;
					};
					8BF9BD2F1CEDC90F00701137 = {
						CreatedOnToolsVersion = 7.2.1;
						DevelopmentTeam = 8689L98KU7;
						TestTargetID = 8BF9BD131CEDC90E00701137;
					};
					8BF9BD3A1CEDC90F00701137 = {
						CreatedOnToolsVersion = 7.2.1;
						DevelopmentTeam = 8689L98KU7;
						TestTargetID = 8BF9BD131CEDC90E00701137;
					};
				};
			};
			buildConfigurationList = 8BF9BD0F1CEDC90E00701137 /* Build configuration list for PBXProject "RistoranteBio" */;
			compatibilityVersion = "Xcode 3.2";
			developmentRegion = English;
			hasScannedForEncodings = 0;
			knownRegions = (
				en,
				Base,
			);
			mainGroup = 8BF9BD0B1CEDC90E00701137;
			productRefGroup = 8BF9BD151CEDC90F00701137 /* Products */;
			projectDirPath = "";
			projectRoot = "";
			targets = (
				8BF9BD131CEDC90E00701137 /* RistoranteBio */,
				8BF9BD2F1CEDC90F00701137 /* RistoranteBioTests */,
				8BF9BD3A1CEDC90F00701137 /* RistoranteBioUITests */,
			);
		};
/* End PBXProject section */

/* Begin PBXResourcesBuildPhase section */
		8BF9BD121CEDC90E00701137 /* Resources */ = {
			isa = PBXResourcesBuildPhase;
			buildActionMask = 2147483647;
			files = (
				8BF9BD511CEDC97600701137 /* fattura2cacio.jpg in Resources */,
				8BF9BD561CEDD4DD00701137 /* antipasti.jpg in Resources */,
				8BF9BD531CEDC97600701137 /* lingua.jpg in Resources */,
				8BF9BD521CEDC97600701137 /* home.jpg in Resources */,
				8BF9BD2A1CEDC90F00701137 /* LaunchScreen.storyboard in Resources */,
				8BF9BD541CEDC97600701137 /* menu.jpg in Resources */,
				8BF9BD271CEDC90F00701137 /* Assets.xcassets in Resources */,
				8BF9BD221CEDC90F00701137 /* Main.storyboard in Resources */,
			);
			runOnlyForDeploymentPostprocessing = 0;
		};
		8BF9BD2E1CEDC90F00701137 /* Resources */ = {
			isa = PBXResourcesBuildPhase;
			buildActionMask = 2147483647;
			files = (
			);
			runOnlyForDeploymentPostprocessing = 0;
		};
		8BF9BD391CEDC90F00701137 /* Resources */ = {
			isa = PBXResourcesBuildPhase;
			buildActionMask = 2147483647;
			files = (
			);
			runOnlyForDeploymentPostprocessing = 0;
		};
/* End PBXResourcesBuildPhase section */

/* Begin PBXSourcesBuildPhase section */
		8BF9BD101CEDC90E00701137 /* Sources */ = {
			isa = PBXSourcesBuildPhase;
			buildActionMask = 2147483647;
			files = (
				8BF9BD1F1CEDC90F00701137 /* ViewController.m in Sources */,
				8BF9BD1C1CEDC90F00701137 /* AppDelegate.m in Sources */,
				8BF9BD191CEDC90F00701137 /* main.m in Sources */,
				8BF9BD251CEDC90F00701137 /* RistoranteBio.xcdatamodeld in Sources */,
			);
			runOnlyForDeploymentPostprocessing = 0;
		};
		8BF9BD2C1CEDC90F00701137 /* Sources */ = {
			isa = PBXSourcesBuildPhase;
			buildActionMask = 2147483647;
			files = (
				8BF9BD351CEDC90F00701137 /* RistoranteBioTests.m in Sources */,
			);
			runOnlyForDeploymentPostprocessing = 0;
		};
		8BF9BD371CEDC90F00701137 /* Sources */ = {
			isa = PBXSourcesBuildPhase;
			buildActionMask = 2147483647;
			files = (
				8BF9BD401CEDC90F00701137 /* RistoranteBioUITests.m in Sources */,
			);
			runOnlyForDeploymentPostprocessing = 0;
		};
/* End PBXSourcesBuildPhase section */

/* Begin PBXTargetDependency section */
		8BF9BD321CEDC90F00701137 /* PBXTargetDependency */ = {
			isa = PBXTargetDependency;
			target = 8BF9BD131CEDC90E00701137 /* RistoranteBio */;
			targetProxy = 8BF9BD311CEDC90F00701137 /* PBXContainerItemProxy */;
		};
		8BF9BD3D1CEDC90F00701137 /* PBXTargetDependency */ = {
			isa = PBXTargetDependency;
			target = 8BF9BD131CEDC90E00701137 /* RistoranteBio */;
			targetProxy = 8BF9BD3C1CEDC90F00701137 /* PBXContainerItemProxy */;
		};
/* End PBXTargetDependency section */

/* Begin PBXVariantGroup section */
		8BF9BD201CEDC90F00701137 /* Main.storyboard */ = {
			isa = PBXVariantGroup;
			children = (
				8BF9BD211CEDC90F00701137 /* Base */,
			);
			name = Main.storyboard;
			sourceTree = "<group>";
		};
		8BF9BD281CEDC90F00701137 /* LaunchScreen.storyboard */ = {
			isa = PBXVariantGroup;
			children = (
				8BF9BD291CEDC90F00701137 /* Base */,
			);
			name = LaunchScreen.storyboard;
			sourceTree = "<group>";
		};
/* End PBXVariantGroup section */

/* Begin XCBuildConfiguration section */
		8BF9BD421CEDC90F00701137 /* Debug */ = {
			isa = XCBuildConfiguration;
			buildSettings = {
				ALWAYS_SEARCH_USER_PATHS = NO;
				CLANG_CXX_LANGUAGE_STANDARD = "gnu++0x";
				CLANG_CXX_LIBRARY = "libc++";
				CLANG_ENABLE_MODULES = YES;
				CLANG_ENABLE_OBJC_ARC = YES;
				CLANG_WARN_BOOL_CONVERSION = YES;
				CLANG_WARN_CONSTANT_CONVERSION = YES;
				CLANG_WARN_DIRECT_OBJC_ISA_USAGE = YES_ERROR;
				CLANG_WARN_EMPTY_BODY = YES;
				CLANG_WARN_ENUM_CONVERSION = YES;
				CLANG_WARN_INT_CONVERSION = YES;
				CLANG_WARN_OBJC_ROOT_CLASS = YES_ERROR;
				CLANG_WARN_UNREACHABLE_CODE = YES;
				CLANG_WARN__DUPLICATE_METHOD_MATCH = YES;
				"CODE_SIGN_IDENTITY[sdk=iphoneos*]" = "iPhone Developer";
				COPY_PHASE_STRIP = NO;
				DEBUG_INFORMATION_FORMAT = dwarf;
				ENABLE_STRICT_OBJC_MSGSEND = YES;
				ENABLE_TESTABILITY = YES;
				GCC_C_LANGUAGE_STANDARD = gnu99;
				GCC_DYNAMIC_NO_PIC = NO;
				GCC_NO_COMMON_BLOCKS = YES;
				GCC_OPTIMIZATION_LEVEL = 0;
				GCC_PREPROCESSOR_DEFINITIONS = (
					"DEBUG=1",
					"$(inherited)",
				);
				GCC_WARN_64_TO_32_BIT_CONVERSION = YES;
				GCC_WARN_ABOUT_RETURN_TYPE = YES_ERROR;
				GCC_WARN_UNDECLARED_SELECTOR = YES;
				GCC_WARN_UNINITIALIZED_AUTOS = YES_AGGRESSIVE;
				GCC_WARN_UNUSED_FUNCTION = YES;
				GCC_WARN_UNUSED_VARIABLE = YES;
				IPHONEOS_DEPLOYMENT_TARGET = 9.2;
				MTL_ENABLE_DEBUG_INFO = YES;
				ONLY_ACTIVE_ARCH = YES;
				SDKROOT = iphoneos;
				TARGETED_DEVICE_FAMILY = 2;
			};
			name = Debug;
		};
		8BF9BD431CEDC90F00701137 /* Release */ = {
			isa = XCBuildConfiguration;
			buildSettings = {
				ALWAYS_SEARCH_USER_PATHS = NO;
				CLANG_CXX_LANGUAGE_STANDARD = "gnu++0x";
				CLANG_CXX_LIBRARY = "libc++";
				CLANG_ENABLE_MODULES = YES;
				CLANG_ENABLE_OBJC_ARC = YES;
				CLANG_WARN_BOOL_CONVERSION = YES;
				CLANG_WARN_CONSTANT_CONVERSION = YES;
				CLANG_WARN_DIRECT_OBJC_ISA_USAGE = YES_ERROR;
				CLANG_WARN_EMPTY_BODY = YES;
				CLANG_WARN_ENUM_CONVERSION = YES;
				CLANG_WARN_INT_CONVERSION = YES;
				CLANG_WARN_OBJC_ROOT_CLASS = YES_ERROR;
				CLANG_WARN_UNREACHABLE_CODE = YES;
				CLANG_WARN__DUPLICATE_METHOD_MATCH = YES;
				"CODE_SIGN_IDENTITY[sdk=iphoneos*]" = "iPhone Developer";
				COPY_PHASE_STRIP = NO;
				DEBUG_INFORMATION_FORMAT = "dwarf-with-dsym";
				ENABLE_NS_ASSERTIONS = NO;
				ENABLE_STRICT_OBJC_MSGSEND = YES;
				GCC_C_LANGUAGE_STANDARD = gnu99;
				GCC_NO_COMMON_BLOCKS = YES;
				GCC_WARN_64_TO_32_BIT_CONVERSION = YES;
				GCC_WARN_ABOUT_RETURN_TYPE = YES_ERROR;
				GCC_WARN_UNDECLARED_SELECTOR = YES;
				GCC_WARN_UNINITIALIZED_AUTOS = YES_AGGRESSIVE;
				GCC_WARN_UNUSED_FUNCTION = YES;
				GCC_WARN_UNUSED_VARIABLE = YES;
				IPHONEOS_DEPLOYMENT_TARGET = 9.2;
				MTL_ENABLE_DEBUG_INFO = NO;
				SDKROOT = iphoneos;
				TARGETED_DEVICE_FAMILY = 2;
				VALIDATE_PRODUCT = YES;
			};
			name = Release;
		};
		8BF9BD451CEDC90F00701137 /* Debug */ = {
			isa = XCBuildConfiguration;
			buildSettings = {
				ASSETCATALOG_COMPILER_APPICON_NAME = AppIcon;
				INFOPLIST_FILE = RistoranteBio/Info.plist;
				LD_RUNPATH_SEARCH_PATHS = "$(inherited) @executable_path/Frameworks";
				PRODUCT_BUNDLE_IDENTIFIER = prova.RistoranteBio;
				PRODUCT_NAME = "$(TARGET_NAME)";
			};
			name = Debug;
		};
		8BF9BD461CEDC90F00701137 /* Release */ = {
			isa = XCBuildConfiguration;
			buildSettings = {
				ASSETCATALOG_COMPILER_APPICON_NAME = AppIcon;
				INFOPLIST_FILE = RistoranteBio/Info.plist;
				LD_RUNPATH_SEARCH_PATHS = "$(inherited) @executable_path/Frameworks";
				PRODUCT_BUNDLE_IDENTIFIER = prova.RistoranteBio;
				PRODUCT_NAME = "$(TARGET_NAME)";
			};
			name = Release;
		};
		8BF9BD481CEDC90F00701137 /* Debug */ = {
			isa = XCBuildConfiguration;
			buildSettings = {
				BUNDLE_LOADER = "$(TEST_HOST)";
				INFOPLIST_FILE = RistoranteBioTests/Info.plist;
				LD_RUNPATH_SEARCH_PATHS = "$(inherited) @executable_path/Frameworks @loader_path/Frameworks";
				PRODUCT_BUNDLE_IDENTIFIER = prova.RistoranteBioTests;
				PRODUCT_NAME = "$(TARGET_NAME)";
				TEST_HOST = "$(BUILT_PRODUCTS_DIR)/RistoranteBio.app/RistoranteBio";
			};
			name = Debug;
		};
		8BF9BD491CEDC90F00701137 /* Release */ = {
			isa = XCBuildConfiguration;
			buildSettings = {
				BUNDLE_LOADER = "$(TEST_HOST)";
				INFOPLIST_FILE = RistoranteBioTests/Info.plist;
				LD_RUNPATH_SEARCH_PATHS = "$(inherited) @executable_path/Frameworks @loader_path/Frameworks";
				PRODUCT_BUNDLE_IDENTIFIER = prova.RistoranteBioTests;
				PRODUCT_NAME = "$(TARGET_NAME)";
				TEST_HOST = "$(BUILT_PRODUCTS_DIR)/RistoranteBio.app/RistoranteBio";
			};
			name = Release;
		};
		8BF9BD4B1CEDC90F00701137 /* Debug */ = {
			isa = XCBuildConfiguration;
			buildSettings = {
				INFOPLIST_FILE = RistoranteBioUITests/Info.plist;
				LD_RUNPATH_SEARCH_PATHS = "$(inherited) @executable_path/Frameworks @loader_path/Frameworks";
				PRODUCT_BUNDLE_IDENTIFIER = prova.RistoranteBioUITests;
				PRODUCT_NAME = "$(TARGET_NAME)";
				TEST_TARGET_NAME = RistoranteBio;
				USES_XCTRUNNER = YES;
			};
			name = Debug;
		};
		8BF9BD4C1CEDC90F00701137 /* Release */ = {
			isa = XCBuildConfiguration;
			buildSettings = {
				INFOPLIST_FILE = RistoranteBioUITests/Info.plist;
				LD_RUNPATH_SEARCH_PATHS = "$(inherited) @executable_path/Frameworks @loader_path/Frameworks";
				PRODUCT_BUNDLE_IDENTIFIER = prova.RistoranteBioUITests;
				PRODUCT_NAME = "$(TARGET_NAME)";
				TEST_TARGET_NAME = RistoranteBio;
				USES_XCTRUNNER = YES;
			};
			name = Release;
		};
/* End XCBuildConfiguration section */

/* Begin XCConfigurationList section */
		8BF9BD0F1CEDC90E00701137 /* Build configuration list for PBXProject "RistoranteBio" */ = {
			isa = XCConfigurationList;
			buildConfigurations = (
				8BF9BD421CEDC90F00701137 /* Debug */,
				8BF9BD431CEDC90F00701137 /* Release */,
			);
			defaultConfigurationIsVisible = 0;
			defaultConfigurationName = Release;
		};
		8BF9BD441CEDC90F00701137 /* Build configuration list for PBXNativeTarget "RistoranteBio" */ = {
			isa = XCConfigurationList;
			buildConfigurations = (
				8BF9BD451CEDC90F00701137 /* Debug */,
				8BF9BD461CEDC90F00701137 /* Release */,
			);
			defaultConfigurationIsVisible = 0;
		};
		8BF9BD471CEDC90F00701137 /* Build configuration list for PBXNativeTarget "RistoranteBioTests" */ = {
			isa = XCConfigurationList;
			buildConfigurations = (
				8BF9BD481CEDC90F00701137 /* Debug */,
				8BF9BD491CEDC90F00701137 /* Release */,
			);
			defaultConfigurationIsVisible = 0;
		};
		8BF9BD4A1CEDC90F00701137 /* Build configuration list for PBXNativeTarget "RistoranteBioUITests" */ = {
			isa = XCConfigurationList;
			buildConfigurations = (
				8BF9BD4B1CEDC90F00701137 /* Debug */,
				8BF9BD4C1CEDC90F00701137 /* Release */,
			);
			defaultConfigurationIsVisible = 0;
		};
/* End XCConfigurationList section */

/* Begin XCVersionGroup section */
		8BF9BD231CEDC90F00701137 /* RistoranteBio.xcdatamodeld */ = {
			isa = XCVersionGroup;
			children = (
				8BF9BD241CEDC90F00701137 /* RistoranteBio.xcdatamodel */,
			);
			currentVersion = 8BF9BD241CEDC90F00701137 /* RistoranteBio.xcdatamodel */;
			path = RistoranteBio.xcdatamodeld;
			sourceTree = "<group>";
			versionGroupType = wrapper.xcdatamodel;
		};
/* End XCVersionGroup section */
	};
	rootObject = 8BF9BD0C1CEDC90E00701137 /* Project object */;
}
